
Microsoft Visual Studio Solution File, Format Version 12.00
# Visual Studio Version 17
VisualStudioVersion = 17.10.35013.160
MinimumVisualStudioVersion = 10.0.40219.1
Project("{8BC9CEB8-8B4A-11D0-8D11-00A0C91BC942}") = "test6_30", "test6_30\test6_30.vcxproj", "{FBFCDC24-680A-429C-A040-80A381D48A33}"
EndProject
Global
	GlobalSection(SolutionConfigurationPlatforms) = preSolution
		Debug|x64 = Debug|x64
		Debug|x86 = Debug|x86
		Release|x64 = Release|x64
		Release|x86 = Release|x86
	EndGlobalSection
	GlobalSection(ProjectConfigurationPlatforms) = postSolution
		{FBFCDC24-680A-429C-A040-80A381D48A33}.Debug|x64.ActiveCfg = Debug|x64
		{FBFCDC24-680A-429C-A040-80A381D48A33}.Debug|x64.Build.0 = Debug|x64
		{FBFCDC24-680A-429C-A040-80A381D48A33}.Debug|x86.ActiveCfg = Debug|Win32
		{FBFCDC24-680A-429C-A040-80A381D48A33}.Debug|x86.Build.0 = Debug|Win32
		{FBFCDC24-680A-429C-A040-80A381D48A33}.Release|x64.ActiveCfg = Release|x64
		{FBFCDC24-680A-429C-A040-80A381D48A33}.Release|x64.Build.0 = Release|x64
		{FBFCDC24-680A-429C-A040-80A381D48A33}.Release|x86.ActiveCfg = Release|Win32
		{FBFCDC24-680A-429C-A040-80A381D48A33}.Release|x86.Build.0 = Release|Win32
	EndGlobalSection
	GlobalSection(SolutionProperties) = preSolution
		HideSolutionNode = FALSE
	EndGlobalSection
	GlobalSection(ExtensibilityGlobals) = postSolution
		SolutionGuid = {1E6D70B8-ECB5-4C79-ABB9-BC8A918F4DB4}
	EndGlobalSection
EndGlobal
